
Microsoft Visual Studio Solution File, Format Version 12.00
# Visual Studio Version 16
VisualStudioVersion = 25.0.1706.9
MinimumVisualStudioVersion = 10.0.40219.1
Project("{FAE04EC0-301F-11D3-BF4B-00C04F79EFBC}") = "Cryptography", "Cryptography\Cryptography.csproj", "{FE6C0E1D-C84E-4212-A69C-2E7D44E784D0}"
EndProject
Global
	GlobalSection(SolutionConfigurationPlatforms) = preSolution
		Debug|Any CPU = Debug|Any CPU
		Release|Any CPU = Release|Any CPU
	EndGlobalSection
	GlobalSection(ProjectConfigurationPlatforms) = postSolution
		{FE6C0E1D-C84E-4212-A69C-2E7D44E784D0}.Debug|Any CPU.ActiveCfg = Debug|Any CPU
		{FE6C0E1D-C84E-4212-A69C-2E7D44E784D0}.Debug|Any CPU.Build.0 = Debug|Any CPU
		{FE6C0E1D-C84E-4212-A69C-2E7D44E784D0}.Release|Any CPU.ActiveCfg = Release|Any CPU
		{FE6C0E1D-C84E-4212-A69C-2E7D44E784D0}.Release|Any CPU.Build.0 = Release|Any CPU
	EndGlobalSection
	GlobalSection(SolutionProperties) = preSolution
		HideSolutionNode = FALSE
	EndGlobalSection
	GlobalSection(ExtensibilityGlobals) = postSolution
		SolutionGuid = {0D771C0B-7614-40FF-A333-BC66019E16B5}
	EndGlobalSection
EndGlobal
