
Microsoft Visual Studio Solution File, Format Version 12.00
# Visual Studio Version 16
VisualStudioVersion = 25.0.1706.9
MinimumVisualStudioVersion = 10.0.40219.1
Project("{FAE04EC0-301F-11D3-BF4B-00C04F79EFBC}") = "Challenge1", "Challenge1\Challenge1.csproj", "{01B868A9-9692-4E30-8250-4152B150234C}"
EndProject
Global
	GlobalSection(SolutionConfigurationPlatforms) = preSolution
		Debug|Any CPU = Debug|Any CPU
		Release|Any CPU = Release|Any CPU
	EndGlobalSection
	GlobalSection(ProjectConfigurationPlatforms) = postSolution
		{01B868A9-9692-4E30-8250-4152B150234C}.Debug|Any CPU.ActiveCfg = Debug|Any CPU
		{01B868A9-9692-4E30-8250-4152B150234C}.Debug|Any CPU.Build.0 = Debug|Any CPU
		{01B868A9-9692-4E30-8250-4152B150234C}.Release|Any CPU.ActiveCfg = Release|Any CPU
		{01B868A9-9692-4E30-8250-4152B150234C}.Release|Any CPU.Build.0 = Release|Any CPU
	EndGlobalSection
	GlobalSection(SolutionProperties) = preSolution
		HideSolutionNode = FALSE
	EndGlobalSection
	GlobalSection(ExtensibilityGlobals) = postSolution
		SolutionGuid = {F4BE278F-CB75-4E03-B820-69BDD04F70E7}
	EndGlobalSection
EndGlobal
